{
    "_meta": {
        "hash": {
            "sha256": "40a15443ed550c0a14fa4d3377888839ed5ebf62d9850cd6d1ef8b071fd79731"
        },
        "pipfile-spec": 6,
        "requires": {
            "python_version": "3.8"
        },
        "sources": [
            {
                "name": "pypi",
                "url": "https://pypi.org/simple",
                "verify_ssl": true
            }
        ]
    },
    "default": {
        "anyio": {
            "hashes": [
                "sha256:745843b39e829e108e518c489b31dc757de7d2131d53fac32bd8df268227bfee",
                "sha256:e1875bb4b4e2de1669f4bc7869b6d3f54231cdced71605e6e64c9be77e3be50f"
            ],
            "markers": "python_version >= '3.8'",
            "version": "==4.2.0"
        },
        "click": {
            "hashes": [
                "sha256:d2b5255c7c6349bc1bd1e59e08cd12acbbd63ce649f2588755783aa94dfb6b1a",
                "sha256:dacca89f4bfadd5de3d7489b7c8a566eee0d3676333fbb50030263894c38c0dc"
            ],
            "version": "==7.1.2"
        },
        "exceptiongroup": {
            "hashes": [
                "sha256:4bfd3996ac73b41e9b9628b04e079f193850720ea5945fc96a08633c66912f14",
                "sha256:91f5c769735f051a4290d52edd0858999b57e5876e9f85937691bd4c9fa3ed68"
            ],
            "markers": "python_version < '3.11'",
            "version": "==1.2.0"
        },
        "fastapi": {
            "hashes": [
                "sha256:1ee9a49f28d510b62b3b51a9452b274853bfc9c5d4b947ed054366e2d49f9efa",
                "sha256:72f40f47e5235cb5cbbad1d4f97932ede6059290c07e12e9784028dcd1063d28"
            ],
            "index": "pypi",
            "version": "==0.54.1"
        },
        "h11": {
            "hashes": [
                "sha256:33d4bca7be0fa039f4e84d50ab00531047e53d6ee8ffbc83501ea602c169cae1",
                "sha256:4bc6d6a1238b7615b266ada57e0618568066f57dd6fa967d1290ec9309b2f2f1"
            ],
            "version": "==0.9.0"
        },
        "httptools": {
            "hashes": [
                "sha256:07659649fe6b3948b6490825f89abe5eb1cec79ebfaaa0b4bf30f3f33f3c2ba8",
                "sha256:08b79e09114e6ab5c3dbf560bba2cb2257ea38cdaeaf99b7cb80d8f92622fcd9",
                "sha256:1e35aa179b67086cc600a984924a88589b90793c9c1b260152ca4908786e09df",
                "sha256:31629e1f1b89959f8c0927bad12184dc07977dcf71e24f4772934aa490aa199b",
                "sha256:851026bd63ec0af7e7592890d97d15c92b62d9e17094353f19a52c8e2b33710a",
                "sha256:8fcca4b7efe353b13a24017211334c57d055a6e132c7adffed13a10d28efca57",
                "sha256:9abd788465aa46a0f288bd3a99e53edd184177d6379e2098fd6097bb359ad9d6",
                "sha256:aebdf0bd7bf7c90ae6b3be458692bf6e9e5b610b501f9f74c7979015a51db4c4",
                "sha256:bda99a5723e7eab355ce57435c70853fc137a65aebf2f1cd4d15d96e2956da7b",
                "sha256:c1c63d860749841024951b0a78e4dec6f543d23751ef061d6ab60064c7b8b524",
                "sha256:c4111a0a8a00eff1e495d43ea5230aaf64968a48ddba8ea2d5f982efae827404",
                "sha256:dce59ee45dd6ee6c434346a5ac527c44014326f560866b4b2f414a692ee1aca8",
                "sha256:f759717ca1b2ef498c67ba4169c2b33eecf943a89f5329abcff8b89d153eb500",
                "sha256:fb7199b8fb0c50a22e77260bb59017e0c075fa80cb03bb2c8692de76e7bb7fe7",
                "sha256:fbf7ecd31c39728f251b1c095fd27c84e4d21f60a1d079a0333472ff3ae59d34"
            ],
            "markers": "sys_platform != 'win32' and sys_platform != 'cygwin' and platform_python_implementation != 'PyPy'",
            "version": "==0.1.2"
        },
        "idna": {
            "hashes": [
                "sha256:9ecdbbd083b06798ae1e86adcbfe8ab1479cf864e4ee30fe4e46a003d12491ca",
                "sha256:c05567e9c24a6b9faaa835c4821bad0590fbb9d5779e7caa6e1cc4978e7eb24f"
            ],
            "markers": "python_version >= '3.5'",
            "version": "==3.6"
        },
        "pydantic": {
            "hashes": [
                "sha256:14e598055b65d2e6cedf10dc3de6ad1bb04ca3eec348e4af1cf5e5e496deab55",
                "sha256:1d42c7408cde8a224c2bb969bfb9dca21f3b1eec37a92044be8bcd7d35ea5826",
                "sha256:433dda6200104d7aa38c27a6ea52485e69931042556065402281cc73a57fd680",
                "sha256:51dec047b44f0de4dbfa301b73df605918088348b951b8b4616127249febfe30",
                "sha256:548c284237b0c61e0e785ad03167c75723f22000f82e8104d8981fdf50ce14e8",
                "sha256:60b8956b57045224294691b78a6a4be0f321271a9f1c2a7fef25248e4c4f20df",
                "sha256:6eea211e8b427841a16f43fa739ac06059db6af0d167476b928dbb237d870b77",
                "sha256:76b241172d6e22403e116e1d3b7305b6a9479323f8168f2fcb300ffe698443b9",
                "sha256:90310c1c5945b4fe2ff7bd69e306e54d192e55d22480657ddd6d2519cf2f12ba",
                "sha256:93f7f510fc366b99dace4a3d1f036aafcfe908092c5f2572ad4a96be24da199c",
                "sha256:ae48129396bd5acfaef1cdaaa959ac8ab5d02c026b1fdffb421dc6fa81d7861d",
                "sha256:be4e0263ef515ae14f06e9fb372843f00bdb218ec4f2f04beb3480ac1538a9a9",
                "sha256:bf9e5dd5e0e7e64541508f657c63bf6ab869109cb39f017f935acfeb64ea9be8",
                "sha256:cd777c102ba31bc9992093c2e9f778c21b3965566d1fa5ac9f9b7cea2e67fe2a",
                "sha256:d09adff1c70351a8750941dd39fda25447eab2e3cdb5b2aade340f69f6f53e84",
                "sha256:e77e5f640f1093bf417b841d9b4148bd4212bb0dbb2cbb9024aa07f2b3b260eb",
                "sha256:f6a1a465dd72aff0462486588a2bf905f9169e575deec1e6f6d00240fe1b4e00"
            ],
            "index": "pypi",
            "version": "==1.6.2"
        },
        "sniffio": {
            "hashes": [
                "sha256:e60305c5e5d314f5389259b7f22aaa33d8f7dee49763119234af3755c55b9101",
                "sha256:eecefdce1e5bbfb7ad2eeaabf7c1eeb404d7757c379bd1f7e5cce9d8bf425384"
            ],
            "markers": "python_version >= '3.7'",
            "version": "==1.3.0"
        },
        "starlette": {
            "hashes": [
                "sha256:4134757b950f027c8f16028ec81787751bb44145df17c8b0fa84087b9851b42d",
                "sha256:e53e086e620ba715f0c187daca92927b722484d148e70921f0de075936119536"
            ],
            "index": "pypi",
            "markers": "python_version >= '3.8'",
            "version": "==0.36.2"
        },
        "typing-extensions": {
            "hashes": [
                "sha256:23478f88c37f27d76ac8aee6c905017a143b0b1b886c3c9f66bc2fd94f9f5783",
                "sha256:af72aea155e91adfc61c3ae9e0e342dbc0cba726d6cba4b6c72c1f34e47291cd"
            ],
            "markers": "python_version < '3.10'",
            "version": "==4.9.0"
        },
        "uvicorn": {
            "hashes": [
                "sha256:1d46a22cc55a52f5567e0c66f000ae56f26263e44cef59b7c885bf10f487ce6e",
                "sha256:b50f7f4c0c499c9b8d0280924cfbd24b90ba02456e3dc80934b9a786a291f09f"
            ],
            "index": "pypi",
            "version": "==0.11.7"
        },
        "uvloop": {
            "hashes": [
                "sha256:114543c84e95df1b4ff546e6e3a27521580466a30127f12172a3278172ad68bc",
                "sha256:19fa1d56c91341318ac5d417e7b61c56e9a41183946cc70c411341173de02c69",
                "sha256:2bb0624a8a70834e54dde8feed62ed63b50bad7a1265c40d6403a2ac447bce01",
                "sha256:42eda9f525a208fbc4f7cecd00fa15c57cc57646c76632b3ba2fe005004f051d",
                "sha256:44cac8575bf168601424302045234d74e3561fbdbac39b2b54cc1d1d00b70760",
                "sha256:6de130d0cb78985a5d080e323b86c5ecaf3af82f4890492c05981707852f983c",
                "sha256:7ae39b11a5f4cec1432d706c21ecc62f9e04d116883178b09671aa29c46f7a47",
                "sha256:90e56f17755e41b425ad19a08c41dc358fa7bf1226c0f8e54d4d02d556f7af7c",
                "sha256:b45218c99795803fb8bdbc9435ff7f54e3a591b44cd4c121b02fa83affb61c7c",
                "sha256:e5e5f855c9bf483ee6cd1eb9a179b740de80cb0ae2988e3fa22309b78e2ea0e7"
            ],
            "markers": "sys_platform != 'win32' and sys_platform != 'cygwin' and platform_python_implementation != 'PyPy'",
            "version": "==0.15.2"
        },
        "websockets": {
            "hashes": [
                "sha256:0e4fb4de42701340bd2353bb2eee45314651caa6ccee80dbd5f5d5978888fed5",
                "sha256:1d3f1bf059d04a4e0eb4985a887d49195e15ebabc42364f4eb564b1d065793f5",
                "sha256:20891f0dddade307ffddf593c733a3fdb6b83e6f9eef85908113e628fa5a8308",
                "sha256:295359a2cc78736737dd88c343cd0747546b2174b5e1adc223824bcaf3e164cb",
                "sha256:2db62a9142e88535038a6bcfea70ef9447696ea77891aebb730a333a51ed559a",
                "sha256:3762791ab8b38948f0c4d281c8b2ddfa99b7e510e46bd8dfa942a5fff621068c",
                "sha256:3db87421956f1b0779a7564915875ba774295cc86e81bc671631379371af1170",
                "sha256:3ef56fcc7b1ff90de46ccd5a687bbd13a3180132268c4254fc0fa44ecf4fc422",
                "sha256:4f9f7d28ce1d8f1295717c2c25b732c2bc0645db3215cf757551c392177d7cb8",
                "sha256:5c01fd846263a75bc8a2b9542606927cfad57e7282965d96b93c387622487485",
                "sha256:5c65d2da8c6bce0fca2528f69f44b2f977e06954c8512a952222cea50dad430f",
                "sha256:751a556205d8245ff94aeef23546a1113b1dd4f6e4d102ded66c39b99c2ce6c8",
                "sha256:7ff46d441db78241f4c6c27b3868c9ae71473fe03341340d2dfdbe8d79310acc",
                "sha256:965889d9f0e2a75edd81a07592d0ced54daa5b0785f57dc429c378edbcffe779",
                "sha256:9b248ba3dd8a03b1a10b19efe7d4f7fa41d158fdaa95e2cf65af5a7b95a4f989",
                "sha256:9bef37ee224e104a413f0780e29adb3e514a5b698aabe0d969a6ba426b8435d1",
                "sha256:c1ec8db4fac31850286b7cd3b9c0e1b944204668b8eb721674916d4e28744092",
                "sha256:c8a116feafdb1f84607cb3b14aa1418424ae71fee131642fc568d21423b51824",
                "sha256:ce85b06a10fc65e6143518b96d3dca27b081a740bae261c2fb20375801a9d56d",
                "sha256:d705f8aeecdf3262379644e4b55107a3b55860eb812b673b28d0fbc347a60c55",
                "sha256:e898a0863421650f0bebac8ba40840fc02258ef4714cb7e1fd76b6a6354bda36",
                "sha256:f8a7bff6e8664afc4e6c28b983845c5bc14965030e3fb98789734d416af77c4b"
            ],
            "version": "==8.1"
        }
    },
    "develop": {
        "attrs": {
            "hashes": [
                "sha256:31b2eced602aa8423c2aea9c76a724617ed67cf9513173fd3a4f03e3a929c7e6",
                "sha256:832aa3cde19744e49938b91fea06d69ecb9e649c93ba974535d08ad92164f700"
            ],
            "version": "==20.3.0"
        },
        "aws-cdk-aws-ec2": {
            "hashes": [
                "sha256:ef71837981ccb652b453a56354b2d75165208a9e034a1dca96426c874e6f29e9"
            ],
            "index": "pypi",
            "version": "==1.36.1"
        },
        "aws-cdk-aws-ecr": {
            "hashes": [
                "sha256:e8f70072a6799938e9f9b14245119dcdb14ee245e2875f9728941de2d70a749d"
            ],
            "index": "pypi",
            "version": "==1.36.1"
        },
        "aws-cdk-aws-ecs": {
            "hashes": [
                "sha256:79b39d0b20c9eaecbe53b300b094cc564caff68795af46ed17815a5887af93de"
            ],
            "index": "pypi",
            "version": "==1.36.1"
        },
        "aws-cdk-aws-ecs-patterns": {
            "hashes": [
                "sha256:ba3546b38e5cbe8ff9de24934d60ab9d1f964283007dd10f92eac5f1787db88f"
            ],
            "index": "pypi",
            "version": "==1.36.1"
        },
        "aws-cdk-aws-iam": {
            "hashes": [
                "sha256:6751ec129d7e942f7057f0b69e6632eef4a05b89a00d9aef4a8fca0d01779e91"
            ],
            "index": "pypi",
            "version": "==1.36.1"
        },
        "aws-cdk-core": {
            "hashes": [
                "sha256:e698325df97e805a59243c1ae6276aee43ba0b23f8827394507bd4c86df32ece"
            ],
            "index": "pypi",
            "version": "==1.36.1"
        },
        "aws-cdk.assets": {
            "hashes": [
                "sha256:3c69c62bb7625277b97656b08480521069b81714a082ac35ae429c208058c035",
                "sha256:7abb04823239b8932cc7912f5f0c9c0f40ed43a076d8ef863a4b6db6ed2c3bed"
            ],
            "version": "==1.36.1"
        },
        "aws-cdk.aws-apigateway": {
            "hashes": [
                "sha256:a9f8cff9c1847affdc6ebfd30dfb03fd87f297c6503c251ce78111cbf6ce7e9c",
                "sha256:f2d3a064cb19de397bc031bc3f97b22fbf745f2c8f5edf0ead28891e4cc3831b"
            ],
            "version": "==1.36.1"
        },
        "aws-cdk.aws-applicationautoscaling": {
            "hashes": [
                "sha256:612f3fe0a772e36e4e9b2669be53af9815ba4afd453c2e29a2533d4a63e64b19",
                "sha256:76c91f42b9df24bc0c85dd72626888faf691596b07232312ea4e640a53de922d"
            ],
            "version": "==1.36.1"
        },
        "aws-cdk.aws-autoscaling": {
            "hashes": [
                "sha256:372eee777f9c6cf9df427c90d395329524f472421c495c555ccfc8569d21ee84",
                "sha256:f1e4690a8488251a9906ee9ed8e80fc7592f65b49b7e442f3a534913c7314ea6"
            ],
            "version": "==1.36.1"
        },
        "aws-cdk.aws-autoscaling-common": {
            "hashes": [
                "sha256:b242ae6240a209d48e474fadefcc3a713cd6eb4626f6723b3c77df7e1dae8585",
                "sha256:b2cd8569e793877454f3f6e009004442484288f4725b48aed78926071e6263ad"
            ],
            "version": "==1.36.1"
        },
        "aws-cdk.aws-autoscaling-hooktargets": {
            "hashes": [
                "sha256:002f03e85baf2f96de0e7f4e77fe9c6db4a1304cfe749a54a5832d7da4ae2cbd",
                "sha256:e79f9b122bb4a533dd379d551ad9fd324bd15088ffaf6863d8f284571eb2dea9"
            ],
            "version": "==1.36.1"
        },
        "aws-cdk.aws-batch": {
            "hashes": [
                "sha256:97b887c29afba3ecc33f328707dd3cd3ad84e8cb6c53d5a17ff0af58b8063bec",
                "sha256:e82a42f2e85b3d5511f039a89ec73a7d38336211e810b9c3f3cb20d037552d6c"
            ],
            "version": "==1.36.1"
        },
        "aws-cdk.aws-certificatemanager": {
            "hashes": [
                "sha256:64bd322620c1dbb08438fc4bc038351467f6cc79a2bb496d2de8a2c0dcd72b23",
                "sha256:795160fbce3d7fed79f86b8b778588692780775e85b06e68e6cfc0f9c2718fe7"
            ],
            "version": "==1.36.1"
        },
        "aws-cdk.aws-cloudformation": {
            "hashes": [
                "sha256:270aa6f66c93e48d43a7c2894129ff57453f02809e8c596fe324326e537349ca",
                "sha256:7ba8601f320dc483f32bf6ed363e12d38b1d64a9ee2e6eda24804f5362b039bd"
            ],
            "version": "==1.36.1"
        },
        "aws-cdk.aws-cloudfront": {
            "hashes": [
                "sha256:97c43a1ff5413b9bba3f7a9d3cc094b65398b28a3998ae30ac597492d366bd4d",
                "sha256:d8f184a006b8b97a2cb17633d9d9d99fc82dd4fb001b44c8b1169369863cc8ef"
            ],
            "version": "==1.36.1"
        },
        "aws-cdk.aws-cloudwatch": {
            "hashes": [
                "sha256:c0618c52f6d2812c3d04cb5bcd3b6cab28efe6c8c4d7dbbdc0d42c77abdbc9df",
                "sha256:f57203a844ccbcdb133a8c36436ab721edd7955d02f0e5a4451486bb1c7ff3d0"
            ],
            "version": "==1.36.1"
        },
        "aws-cdk.aws-codebuild": {
            "hashes": [
                "sha256:175d4f216f279749d83180bc048ea91167d227a941fbd8bf0b4982f52db44be2",
                "sha256:f6b8b7124e848e90cb9a45468d2399c0f2196eb2d7a15033885d0c1186623705"
            ],
            "version": "==1.36.1"
        },
        "aws-cdk.aws-codecommit": {
            "hashes": [
                "sha256:40949db33e7aff104d48797e2be0ea3ebed59b352b3e4c952e9d8a47dbaac673",
                "sha256:99d1c2bc05f4ab7fabc8d60b57e01f1dbcdf4864c32347f08e0b7706580a744a"
            ],
            "version": "==1.36.1"
        },
        "aws-cdk.aws-codepipeline": {
            "hashes": [
                "sha256:b818a5bc88cff564961c0a32e287639e7c6920474e06dda44fe50aff1ff07deb",
                "sha256:be9d6bc505db57fed4fcde709fe6426d5161964ce07a1fdf6af34b8744977b1e"
            ],
            "version": "==1.36.1"
        },
        "aws-cdk.aws-cognito": {
            "hashes": [
                "sha256:392ca8d955b3fb4d6a600e7574654b1b190eda7010fd0db70ebc8276865d6c21",
                "sha256:e7853d8d890dd319ec803939ae40c839e3aaf1a17bc5249a0acb6744058be575"
            ],
            "version": "==1.36.1"
        },
        "aws-cdk.aws-ec2": {
            "hashes": [
                "sha256:38b6729de2b58e23f58d66431241579ca301438ba1f29d24a3a1bea0444c53b8",
                "sha256:ef71837981ccb652b453a56354b2d75165208a9e034a1dca96426c874e6f29e9"
            ],
            "version": "==1.36.1"
        },
        "aws-cdk.aws-ecr": {
            "hashes": [
                "sha256:05733a23d16e2ee69288cf026e16f0a0641ad7a7df5db86ed362d1a77253dbb6",
                "sha256:e8f70072a6799938e9f9b14245119dcdb14ee245e2875f9728941de2d70a749d"
            ],
            "version": "==1.36.1"
        },
        "aws-cdk.aws-ecr-assets": {
            "hashes": [
                "sha256:38893ec9b9a190f8f1d9048c7315780d7ae2117e0e8e4e8f99ebf32e35ba9d44",
                "sha256:441ec5b4732b24c7e72d99a70b8a9eada718082eecee40b0e054c39904953093"
            ],
            "version": "==1.36.1"
        },
        "aws-cdk.aws-ecs": {
            "hashes": [
                "sha256:36ac7d481f752101ad0d2956e96633f5da557d9c1855a54e5d3f2dada72006f5",
                "sha256:79b39d0b20c9eaecbe53b300b094cc564caff68795af46ed17815a5887af93de"
            ],
            "version": "==1.36.1"
        },
        "aws-cdk.aws-elasticloadbalancing": {
            "hashes": [
                "sha256:47dc3aec5d90180c00aa0dcf454faf65faf526b65dc969443d6130700925ad6a",
                "sha256:f9d376a19a0f24e5b35bcb944cdbe8f99fc923fa8286eea03fecc34d28a91f0b"
            ],
            "version": "==1.36.1"
        },
        "aws-cdk.aws-elasticloadbalancingv2": {
            "hashes": [
                "sha256:22e2f60d6ca39cc0f3089ef5c33f56030fd5402b5df94194d10cf145f930bb8a",
                "sha256:a23d07b7f3cb952d697b83da725395168cdb08f7521007a062001f42a47b090f"
            ],
            "version": "==1.36.1"
        },
        "aws-cdk.aws-events": {
            "hashes": [
                "sha256:721fdff6f8903c583318c342cdc12cb1550e7c9d49baebb2e2db98847c8ab03b",
                "sha256:fc1483345c6e5bb6b644e753b7fa3a2db5edd9a230c9194b3f7ee915eb5b50e9"
            ],
            "version": "==1.36.1"
        },
        "aws-cdk.aws-events-targets": {
            "hashes": [
                "sha256:b0fee5dacbbdd0c93bac6656f5bf1f4008d70e4d338d8b370a70bd5fabb1b7d8",
                "sha256:fdb1be02eea3ed837c672e12e00b405aedf1bf53685513752942a3719cbb9a19"
            ],
            "version": "==1.36.1"
        },
        "aws-cdk.aws-iam": {
            "hashes": [
                "sha256:6751ec129d7e942f7057f0b69e6632eef4a05b89a00d9aef4a8fca0d01779e91",
                "sha256:c7dafdf208060749dd85ae3d8510c34676de825959eb89319473e1631a765ce3"
            ],
            "version": "==1.36.1"
        },
        "aws-cdk.aws-kms": {
            "hashes": [
                "sha256:8661b00da07e11f095a9082ff81f8a987d570a968d42040c886bdc13caa3e99c",
                "sha256:8c36e42fa8bac163c08033ba2d892b22bb5718a8f31f1f747d3114b8120be213"
            ],
            "version": "==1.36.1"
        },
        "aws-cdk.aws-lambda": {
            "hashes": [
                "sha256:4a38fd68eb45af45bc2871106ffe1bd15e4ae28ed9f648a3bf4096283fcd7d2a",
                "sha256:fcd765c53e07851941953ea368bbf7dc6e9b67bb37e4113b8c4eb1371f81b730"
            ],
            "version": "==1.36.1"
        },
        "aws-cdk.aws-logs": {
            "hashes": [
                "sha256:5858d91536dba584d1b58471606e78f750326759dfd478856ee03b4978226762",
                "sha256:e624a8888908a6b4a175517321ba97cf72185aa3511720f7f188a798dc1c437f"
            ],
            "version": "==1.36.1"
        },
        "aws-cdk.aws-route53": {
            "hashes": [
                "sha256:ba9905c6937bc7cdb9d0c7b18e0ba82a52c75a6a87ef5de5ad5c283845660b63",
                "sha256:beec1c84300d4c3d172f0d8b97a6975bd172a622beb1a0eb66db7f972e47b795"
            ],
            "version": "==1.36.1"
        },
        "aws-cdk.aws-route53-targets": {
            "hashes": [
                "sha256:168edfe7d97e3b2dcf4c9ab1be103a76e917f58f03c13499d03b9791612657fe",
                "sha256:dea7175f5d89f062101ca4b30ff89a6f1e3ca5777cf394c5d2af7a976f6759cc"
            ],
            "version": "==1.36.1"
        },
        "aws-cdk.aws-s3": {
            "hashes": [
                "sha256:44d2fd825580102d5d7ce3099994895e758d21dc253fb4ed991b4e47059f9a16",
                "sha256:eeb2d632cf81bc6fc7a88270d5886bba1fb9406746b171b9002a8b2f88dc0041"
            ],
            "version": "==1.36.1"
        },
        "aws-cdk.aws-s3-assets": {
            "hashes": [
                "sha256:57711eb57c00d87ee30613c5c467730715df0f309e45adc43105d84ca5e28f64",
                "sha256:724528ab116b303a34c9ba6a053f52543320d657cbfde684435420ffaebcb074"
            ],
            "version": "==1.36.1"
        },
        "aws-cdk.aws-sam": {
            "hashes": [
                "sha256:3bb400fe1fd0dc3cccfc5596cf5c5562b04c2fae863d03ab16381ec973af30a1",
                "sha256:775bdfe026561ad5fd27c7cd98b2dd6e284b85403423f03c353645a5b0d23441"
            ],
            "version": "==1.36.1"
        },
        "aws-cdk.aws-secretsmanager": {
            "hashes": [
                "sha256:0d84d9cfa3383a7bfcdaff52348f495f3a9ab89fb91bde2ebef26118534f2601",
                "sha256:520743cdca0f2a59b9e4a49b0c16c7ce3f84e14023c2273b66166bac38195b68"
            ],
            "version": "==1.36.1"
        },
        "aws-cdk.aws-servicediscovery": {
            "hashes": [
                "sha256:25ddfc5c837e276b2b6ee0f72fb28271ab6daa1315dcb738345c594c74cd2e0e",
                "sha256:62406325c974a1b001ea008689fb56c348293b25b7aac5d73913783aea4cc0d4"
            ],
            "version": "==1.36.1"
        },
        "aws-cdk.aws-sns": {
            "hashes": [
                "sha256:60fbc305e3deb0fdd7ad15e253c0c1762650fe3b28f735ea4e386cae2fc19cb1",
                "sha256:b0b41738b8248ea6dbfae1bbc42b2ea267325f8f5eec59d40a1bab32521834df"
            ],
            "version": "==1.36.1"
        },
        "aws-cdk.aws-sns-subscriptions": {
            "hashes": [
                "sha256:40ba9b29ccdaf2251d41546cfbaf2fe63707b6a9d715a2dad3998b919962fa3b",
                "sha256:b86ccf3bcfb5412bc658e864e68dc62acbe8afdb58ff49716812793bb36cdd6a"
            ],
            "version": "==1.36.1"
        },
        "aws-cdk.aws-sqs": {
            "hashes": [
                "sha256:01c3e7bb20d2d8c6d49073d645d2f0a93ad4c809b97ccb52983fb3deb74132dc",
                "sha256:f1432497cd6555ee2fadcaf03e78dfc64ad400066a231d0dd6a934d347f1ccfa"
            ],
            "version": "==1.36.1"
        },
        "aws-cdk.aws-ssm": {
            "hashes": [
                "sha256:63ab919eeeaae471eb2ee451fb73ab47ee7e258fcf0f466de656e46987724087",
                "sha256:e6cb44cac94b184b367d08828a4098c3462668e0a03b66fef9d8a93a9d33194f"
            ],
            "version": "==1.36.1"
        },
        "aws-cdk.aws-stepfunctions": {
            "hashes": [
                "sha256:96b2ddf3a622d6827752e7fdd8da49cb1e629e0b5c211a2118948b74cff6dfc5",
                "sha256:e0c932192c609996e0b4c8ef88104bf169679572ec01654a42f925243cc9f5a6"
            ],
            "version": "==1.36.1"
        },
        "aws-cdk.cloud-assembly-schema": {
            "hashes": [
                "sha256:441c3b01bcfd69742663f094e3ba8fbd8ba911593bbe701193a151a24c8c0f3b",
                "sha256:51d8bc2338a66361428bf9de4874225f4245ab94070b3638604b36a07a8cd305"
            ],
            "version": "==1.36.1"
        },
        "aws-cdk.core": {
            "hashes": [
                "sha256:3d8510bec9151b41834808f17532e08aa448bf88611ae8920a1d1d1f4e2bd875",
                "sha256:e698325df97e805a59243c1ae6276aee43ba0b23f8827394507bd4c86df32ece"
            ],
            "version": "==1.36.1"
        },
        "aws-cdk.custom-resources": {
            "hashes": [
                "sha256:39b7964bcedb38f7dffe3177909818400f9306e369d9d82ae970dea872c90ba6",
                "sha256:3cedf839873766003e0da0e41664b23198e43ab2357a96113e0cc594bb7a3fad"
            ],
            "version": "==1.36.1"
        },
        "aws-cdk.cx-api": {
            "hashes": [
                "sha256:846ef001db1716a940440a10aa47d2b5f74a4ae183b8de60f3d43eb4aa9756dd",
                "sha256:89bc03abe63d5c7343cb8760b18f372ab8129e8762decd8ecd4749aff60b3652"
            ],
            "version": "==1.36.1"
        },
        "aws-cdk.region-info": {
            "hashes": [
                "sha256:24b54cffe4b40ea9504753c1e36e8a1ab80da9f27fc0bdac8583b824839e0035",
                "sha256:a9cae4df850a6c96f6c8f81605b0991a3f0970a27fb68fc993227a787257ae08"
            ],
            "version": "==1.36.1"
        },
        "cattrs": {
            "hashes": [
                "sha256:277d12740b45e46318b41c3b2e4a3bc067a7b9971cf61f0e96497598ad83f282",
                "sha256:a6233d0ce33d48ac71ef818f8e0b9309a89496b359994c4dfe9ad211c1f6d0a3"
            ],
            "markers": "python_version >= '3.7'",
            "version": "==1.5.0"
        },
        "constructs": {
            "hashes": [
                "sha256:24f9c40a54e66eba22f8e020d7b8efa2f7df415219225f934f217c575afdd8c9",
                "sha256:a4ebf536b74a805bb9277d507c6d355f8b8421ced7879d2186b6464c53fe9496"
            ],
            "version": "==3.3.75"
        },
        "jsii": {
            "hashes": [
                "sha256:76d1f7b4aeec8f59356494f1ed253f5ce1094eeaa46b15232564e4c07c0e1fb5",
                "sha256:d3611f0cc4626ceb26ff55e6fe9ad5dae7a351709ed9c4f12f3bd8065b4c9809"
            ],
            "version": "==1.29.0"
        },
        "publication": {
            "hashes": [
                "sha256:0248885351febc11d8a1098d5c8e3ab2dabcf3e8c0c96db1e17ecd12b53afbe6",
                "sha256:68416a0de76dddcdd2930d1c8ef853a743cc96c82416c4e4d3b5d901c6276dc4"
            ],
            "version": "==0.0.3"
        },
        "python-dateutil": {
            "hashes": [
                "sha256:73ebfe9dbf22e832286dafa60473e4cd239f8592f699aa5adaf10050e6e1823c",
                "sha256:75bb3f31ea686f1197762692a9ee6a7550b59fc6ca3a1f4b5d7e32fb98e2da2a"
            ],
            "version": "==2.8.1"
        },
        "python-dotenv": {
            "hashes": [
                "sha256:25c0ff1a3e12f4bde8d592cc254ab075cfe734fc5dd989036716fd17ee7e5ec7",
                "sha256:3b9909bc96b0edc6b01586e1eed05e71174ef4e04c71da5786370cebea53ad74"
            ],
            "index": "pypi",
            "version": "==0.13.0"
        },
        "six": {
            "hashes": [
                "sha256:1e61c37477a1626458e36f7b1d82aa5c9b094fa4802892072e49de9c60c4c926",
                "sha256:8abb2f1d86890a2dfb989f9a77cfcfd3e47c2a354b01111771326f8aa26e0254"
            ],
            "version": "==1.16.0"
        },
        "typing-extensions": {
            "hashes": [
                "sha256:0ac0f89795dd19de6b97debb0c6af1c70987fd80a2d62d1958f7e56fcc31b497",
                "sha256:50b6f157849174217d0656f99dc82fe932884fb250826c18350e159ec6cdf342",
                "sha256:779383f6086d90c99ae41cf0ff39aac8a7937a9283ce0a414e5dd782f4c94a84"
            ],
            "version": "==3.10.0.0"
        }
    }
}
