{
    "_meta": {
        "hash": {
            "sha256": "40a15443ed550c0a14fa4d3377888839ed5ebf62d9850cd6d1ef8b071fd79731"
        },
        "pipfile-spec": 6,
        "requires": {
            "python_version": "3.8"
        },
        "sources": [
            {
                "name": "pypi",
                "url": "https://pypi.org/simple",
                "verify_ssl": true
            }
        ]
    },
    "default": {
        "click": {
            "hashes": [
                "sha256:d2b5255c7c6349bc1bd1e59e08cd12acbbd63ce649f2588755783aa94dfb6b1a",
                "sha256:dacca89f4bfadd5de3d7489b7c8a566eee0d3676333fbb50030263894c38c0dc"
            ],
            "version": "==7.1.2"
        },
        "fastapi": {
            "hashes": [
                "sha256:1ee9a49f28d510b62b3b51a9452b274853bfc9c5d4b947ed054366e2d49f9efa",
                "sha256:72f40f47e5235cb5cbbad1d4f97932ede6059290c07e12e9784028dcd1063d28"
            ],
            "index": "pypi",
            "version": "==0.54.1"
        },
        "h11": {
            "hashes": [
                "sha256:33d4bca7be0fa039f4e84d50ab00531047e53d6ee8ffbc83501ea602c169cae1",
                "sha256:4bc6d6a1238b7615b266ada57e0618568066f57dd6fa967d1290ec9309b2f2f1"
            ],
            "version": "==0.9.0"
        },
        "httptools": {
            "hashes": [
                "sha256:0a4b1b2012b28e68306575ad14ad5e9120b34fccd02a81eb08838d7e3bbb48be",
                "sha256:3592e854424ec94bd17dc3e0c96a64e459ec4147e6d53c0a42d0ebcef9cb9c5d",
                "sha256:41b573cf33f64a8f8f3400d0a7faf48e1888582b6f6e02b82b9bd4f0bf7497ce",
                "sha256:56b6393c6ac7abe632f2294da53f30d279130a92e8ae39d8d14ee2e1b05ad1f2",
                "sha256:86c6acd66765a934e8730bf0e9dfaac6fdcf2a4334212bd4a0a1c78f16475ca6",
                "sha256:96da81e1992be8ac2fd5597bf0283d832287e20cb3cfde8996d2b00356d4e17f",
                "sha256:96eb359252aeed57ea5c7b3d79839aaa0382c9d3149f7d24dd7172b1bcecb009",
                "sha256:a2719e1d7a84bb131c4f1e0cb79705034b48de6ae486eb5297a139d6a3296dce",
                "sha256:ac0aa11e99454b6a66989aa2d44bca41d4e0f968e395a0a8f164b401fefe359a",
                "sha256:bc3114b9edbca5a1eb7ae7db698c669eb53eb8afbbebdde116c174925260849c",
                "sha256:fa3cd71e31436911a44620473e873a256851e1f53dee56669dae403ba41756a4",
                "sha256:fea04e126014169384dee76a153d4573d90d0cbd1d12185da089f73c78390437"
            ],
            "markers": "sys_platform != 'win32' and sys_platform != 'cygwin' and platform_python_implementation != 'PyPy'",
            "version": "==0.1.1"
        },
        "pydantic": {
            "hashes": [
                "sha256:1783c1d927f9e1366e0e0609ae324039b2479a1a282a98ed6a6836c9ed02002c",
                "sha256:2dc946b07cf24bee4737ced0ae77e2ea6bc97489ba5a035b603bd1b40ad81f7e",
                "sha256:2de562a456c4ecdc80cf1a8c3e70c666625f7d02d89a6174ecf63754c734592e",
                "sha256:36dbf6f1be212ab37b5fda07667461a9219c956181aa5570a00edfb0acdfe4a1",
                "sha256:3fa799f3cfff3e5f536cbd389368fc96a44bb30308f258c94ee76b73bd60531d",
                "sha256:40d765fa2d31d5be8e29c1794657ad46f5ee583a565c83cea56630d3ae5878b9",
                "sha256:418b84654b60e44c0cdd5384294b0e4bc1ebf42d6e873819424f3b78b8690614",
                "sha256:4900b8820b687c9a3ed753684337979574df20e6ebe4227381d04b3c3c628f99",
                "sha256:530d7222a2786a97bc59ee0e0ebbe23728f82974b1f1ad9a11cd966143410633",
                "sha256:54122a8ed6b75fe1dd80797f8251ad2063ea348a03b77218d73ea9fe19bd4e73",
                "sha256:6c3f162ba175678218629f446a947e3356415b6b09122dcb364e58c442c645a7",
                "sha256:b49c86aecde15cde33835d5d6360e55f5e0067bb7143a8303bf03b872935c75b",
                "sha256:b5b3489cb303d0f41ad4a7390cf606a5f2c7a94dcba20c051cd1c653694cb14d",
                "sha256:cf3933c98cb5e808b62fae509f74f209730b180b1e3c3954ee3f7949e083a7df",
                "sha256:eb75dc1809875d5738df14b6566ccf9fd9c0bcde4f36b72870f318f16b9f5c20",
                "sha256:f769141ab0abfadf3305d4fcf36660e5cf568a666dd3efab7c3d4782f70946b1",
                "sha256:f8af9b840a9074e08c0e6dc93101de84ba95df89b267bf7151d74c553d66833b"
            ],
            "version": "==1.6.1"
        },
        "starlette": {
            "hashes": [
                "sha256:6169ee78ded501095d1dda7b141a1dc9f9934d37ad23196e180150ace2c6449b",
                "sha256:a9bb130fa7aa736eda8a814b6ceb85ccf7a209ed53843d0d61e246b380afa10f"
            ],
            "index": "pypi",
            "version": "==0.13.2"
        },
        "uvicorn": {
            "hashes": [
                "sha256:1d46a22cc55a52f5567e0c66f000ae56f26263e44cef59b7c885bf10f487ce6e",
                "sha256:b50f7f4c0c499c9b8d0280924cfbd24b90ba02456e3dc80934b9a786a291f09f"
            ],
            "index": "pypi",
            "version": "==0.11.7"
        },
        "uvloop": {
            "hashes": [
                "sha256:08b109f0213af392150e2fe6f81d33261bb5ce968a288eb698aad4f46eb711bd",
                "sha256:123ac9c0c7dd71464f58f1b4ee0bbd81285d96cdda8bc3519281b8973e3a461e",
                "sha256:4315d2ec3ca393dd5bc0b0089d23101276778c304d42faff5dc4579cb6caef09",
                "sha256:4544dcf77d74f3a84f03dd6278174575c44c67d7165d4c42c71db3fdc3860726",
                "sha256:afd5513c0ae414ec71d24f6f123614a80f3d27ca655a4fcf6cabe50994cc1891",
                "sha256:b4f591aa4b3fa7f32fb51e2ee9fea1b495eb75b0b3c8d0ca52514ad675ae63f7",
                "sha256:bcac356d62edd330080aed082e78d4b580ff260a677508718f88016333e2c9c5",
                "sha256:e7514d7a48c063226b7d06617cbb12a14278d4323a065a8d46a7962686ce2e95",
                "sha256:f07909cd9fc08c52d294b1570bba92186181ca01fe3dc9ffba68955273dd7362"
            ],
            "markers": "sys_platform != 'win32' and sys_platform != 'cygwin' and platform_python_implementation != 'PyPy'",
            "version": "==0.14.0"
        },
        "websockets": {
            "hashes": [
                "sha256:0e4fb4de42701340bd2353bb2eee45314651caa6ccee80dbd5f5d5978888fed5",
                "sha256:1d3f1bf059d04a4e0eb4985a887d49195e15ebabc42364f4eb564b1d065793f5",
                "sha256:20891f0dddade307ffddf593c733a3fdb6b83e6f9eef85908113e628fa5a8308",
                "sha256:295359a2cc78736737dd88c343cd0747546b2174b5e1adc223824bcaf3e164cb",
                "sha256:2db62a9142e88535038a6bcfea70ef9447696ea77891aebb730a333a51ed559a",
                "sha256:3762791ab8b38948f0c4d281c8b2ddfa99b7e510e46bd8dfa942a5fff621068c",
                "sha256:3db87421956f1b0779a7564915875ba774295cc86e81bc671631379371af1170",
                "sha256:3ef56fcc7b1ff90de46ccd5a687bbd13a3180132268c4254fc0fa44ecf4fc422",
                "sha256:4f9f7d28ce1d8f1295717c2c25b732c2bc0645db3215cf757551c392177d7cb8",
                "sha256:5c01fd846263a75bc8a2b9542606927cfad57e7282965d96b93c387622487485",
                "sha256:5c65d2da8c6bce0fca2528f69f44b2f977e06954c8512a952222cea50dad430f",
                "sha256:751a556205d8245ff94aeef23546a1113b1dd4f6e4d102ded66c39b99c2ce6c8",
                "sha256:7ff46d441db78241f4c6c27b3868c9ae71473fe03341340d2dfdbe8d79310acc",
                "sha256:965889d9f0e2a75edd81a07592d0ced54daa5b0785f57dc429c378edbcffe779",
                "sha256:9b248ba3dd8a03b1a10b19efe7d4f7fa41d158fdaa95e2cf65af5a7b95a4f989",
                "sha256:9bef37ee224e104a413f0780e29adb3e514a5b698aabe0d969a6ba426b8435d1",
                "sha256:c1ec8db4fac31850286b7cd3b9c0e1b944204668b8eb721674916d4e28744092",
                "sha256:c8a116feafdb1f84607cb3b14aa1418424ae71fee131642fc568d21423b51824",
                "sha256:ce85b06a10fc65e6143518b96d3dca27b081a740bae261c2fb20375801a9d56d",
                "sha256:d705f8aeecdf3262379644e4b55107a3b55860eb812b673b28d0fbc347a60c55",
                "sha256:e898a0863421650f0bebac8ba40840fc02258ef4714cb7e1fd76b6a6354bda36",
                "sha256:f8a7bff6e8664afc4e6c28b983845c5bc14965030e3fb98789734d416af77c4b"
            ],
            "version": "==8.1"
        }
    },
    "develop": {
        "attrs": {
            "hashes": [
                "sha256:08a96c641c3a74e44eb59afb61a24f2cb9f4d7188748e76ba4bb5edfa3cb7d1c",
                "sha256:f7b7ce16570fe9965acd6d30101a28f62fb4a7f9e926b3bbc9b61f8b04247e72"
            ],
            "version": "==19.3.0"
        },
        "aws-cdk-aws-ec2": {
            "hashes": [
                "sha256:ef71837981ccb652b453a56354b2d75165208a9e034a1dca96426c874e6f29e9"
            ],
            "index": "pypi",
            "version": "==1.36.1"
        },
        "aws-cdk-aws-ecr": {
            "hashes": [
                "sha256:e8f70072a6799938e9f9b14245119dcdb14ee245e2875f9728941de2d70a749d"
            ],
            "index": "pypi",
            "version": "==1.36.1"
        },
        "aws-cdk-aws-ecs": {
            "hashes": [
                "sha256:79b39d0b20c9eaecbe53b300b094cc564caff68795af46ed17815a5887af93de"
            ],
            "index": "pypi",
            "version": "==1.36.1"
        },
        "aws-cdk-aws-ecs-patterns": {
            "hashes": [
                "sha256:ba3546b38e5cbe8ff9de24934d60ab9d1f964283007dd10f92eac5f1787db88f"
            ],
            "index": "pypi",
            "version": "==1.36.1"
        },
        "aws-cdk-aws-iam": {
            "hashes": [
                "sha256:6751ec129d7e942f7057f0b69e6632eef4a05b89a00d9aef4a8fca0d01779e91"
            ],
            "index": "pypi",
            "version": "==1.36.1"
        },
        "aws-cdk-core": {
            "hashes": [
                "sha256:e698325df97e805a59243c1ae6276aee43ba0b23f8827394507bd4c86df32ece"
            ],
            "index": "pypi",
            "version": "==1.36.1"
        },
        "aws-cdk.assets": {
            "hashes": [
                "sha256:3c69c62bb7625277b97656b08480521069b81714a082ac35ae429c208058c035",
                "sha256:7abb04823239b8932cc7912f5f0c9c0f40ed43a076d8ef863a4b6db6ed2c3bed"
            ],
            "version": "==1.36.1"
        },
        "aws-cdk.aws-apigateway": {
            "hashes": [
                "sha256:a9f8cff9c1847affdc6ebfd30dfb03fd87f297c6503c251ce78111cbf6ce7e9c",
                "sha256:f2d3a064cb19de397bc031bc3f97b22fbf745f2c8f5edf0ead28891e4cc3831b"
            ],
            "version": "==1.36.1"
        },
        "aws-cdk.aws-applicationautoscaling": {
            "hashes": [
                "sha256:612f3fe0a772e36e4e9b2669be53af9815ba4afd453c2e29a2533d4a63e64b19",
                "sha256:76c91f42b9df24bc0c85dd72626888faf691596b07232312ea4e640a53de922d"
            ],
            "version": "==1.36.1"
        },
        "aws-cdk.aws-autoscaling": {
            "hashes": [
                "sha256:372eee777f9c6cf9df427c90d395329524f472421c495c555ccfc8569d21ee84",
                "sha256:f1e4690a8488251a9906ee9ed8e80fc7592f65b49b7e442f3a534913c7314ea6"
            ],
            "version": "==1.36.1"
        },
        "aws-cdk.aws-autoscaling-common": {
            "hashes": [
                "sha256:b242ae6240a209d48e474fadefcc3a713cd6eb4626f6723b3c77df7e1dae8585",
                "sha256:b2cd8569e793877454f3f6e009004442484288f4725b48aed78926071e6263ad"
            ],
            "version": "==1.36.1"
        },
        "aws-cdk.aws-autoscaling-hooktargets": {
            "hashes": [
                "sha256:002f03e85baf2f96de0e7f4e77fe9c6db4a1304cfe749a54a5832d7da4ae2cbd",
                "sha256:e79f9b122bb4a533dd379d551ad9fd324bd15088ffaf6863d8f284571eb2dea9"
            ],
            "version": "==1.36.1"
        },
        "aws-cdk.aws-batch": {
            "hashes": [
                "sha256:97b887c29afba3ecc33f328707dd3cd3ad84e8cb6c53d5a17ff0af58b8063bec",
                "sha256:e82a42f2e85b3d5511f039a89ec73a7d38336211e810b9c3f3cb20d037552d6c"
            ],
            "version": "==1.36.1"
        },
        "aws-cdk.aws-certificatemanager": {
            "hashes": [
                "sha256:64bd322620c1dbb08438fc4bc038351467f6cc79a2bb496d2de8a2c0dcd72b23",
                "sha256:795160fbce3d7fed79f86b8b778588692780775e85b06e68e6cfc0f9c2718fe7"
            ],
            "version": "==1.36.1"
        },
        "aws-cdk.aws-cloudformation": {
            "hashes": [
                "sha256:270aa6f66c93e48d43a7c2894129ff57453f02809e8c596fe324326e537349ca",
                "sha256:7ba8601f320dc483f32bf6ed363e12d38b1d64a9ee2e6eda24804f5362b039bd"
            ],
            "version": "==1.36.1"
        },
        "aws-cdk.aws-cloudfront": {
            "hashes": [
                "sha256:97c43a1ff5413b9bba3f7a9d3cc094b65398b28a3998ae30ac597492d366bd4d",
                "sha256:d8f184a006b8b97a2cb17633d9d9d99fc82dd4fb001b44c8b1169369863cc8ef"
            ],
            "version": "==1.36.1"
        },
        "aws-cdk.aws-cloudwatch": {
            "hashes": [
                "sha256:c0618c52f6d2812c3d04cb5bcd3b6cab28efe6c8c4d7dbbdc0d42c77abdbc9df",
                "sha256:f57203a844ccbcdb133a8c36436ab721edd7955d02f0e5a4451486bb1c7ff3d0"
            ],
            "version": "==1.36.1"
        },
        "aws-cdk.aws-codebuild": {
            "hashes": [
                "sha256:175d4f216f279749d83180bc048ea91167d227a941fbd8bf0b4982f52db44be2",
                "sha256:f6b8b7124e848e90cb9a45468d2399c0f2196eb2d7a15033885d0c1186623705"
            ],
            "version": "==1.36.1"
        },
        "aws-cdk.aws-codecommit": {
            "hashes": [
                "sha256:40949db33e7aff104d48797e2be0ea3ebed59b352b3e4c952e9d8a47dbaac673",
                "sha256:99d1c2bc05f4ab7fabc8d60b57e01f1dbcdf4864c32347f08e0b7706580a744a"
            ],
            "version": "==1.36.1"
        },
        "aws-cdk.aws-codepipeline": {
            "hashes": [
                "sha256:b818a5bc88cff564961c0a32e287639e7c6920474e06dda44fe50aff1ff07deb",
                "sha256:be9d6bc505db57fed4fcde709fe6426d5161964ce07a1fdf6af34b8744977b1e"
            ],
            "version": "==1.36.1"
        },
        "aws-cdk.aws-cognito": {
            "hashes": [
                "sha256:392ca8d955b3fb4d6a600e7574654b1b190eda7010fd0db70ebc8276865d6c21",
                "sha256:e7853d8d890dd319ec803939ae40c839e3aaf1a17bc5249a0acb6744058be575"
            ],
            "version": "==1.36.1"
        },
        "aws-cdk.aws-ec2": {
            "hashes": [
                "sha256:38b6729de2b58e23f58d66431241579ca301438ba1f29d24a3a1bea0444c53b8",
                "sha256:ef71837981ccb652b453a56354b2d75165208a9e034a1dca96426c874e6f29e9"
            ],
            "version": "==1.36.1"
        },
        "aws-cdk.aws-ecr": {
            "hashes": [
                "sha256:05733a23d16e2ee69288cf026e16f0a0641ad7a7df5db86ed362d1a77253dbb6",
                "sha256:e8f70072a6799938e9f9b14245119dcdb14ee245e2875f9728941de2d70a749d"
            ],
            "version": "==1.36.1"
        },
        "aws-cdk.aws-ecr-assets": {
            "hashes": [
                "sha256:38893ec9b9a190f8f1d9048c7315780d7ae2117e0e8e4e8f99ebf32e35ba9d44",
                "sha256:441ec5b4732b24c7e72d99a70b8a9eada718082eecee40b0e054c39904953093"
            ],
            "version": "==1.36.1"
        },
        "aws-cdk.aws-ecs": {
            "hashes": [
                "sha256:36ac7d481f752101ad0d2956e96633f5da557d9c1855a54e5d3f2dada72006f5",
                "sha256:79b39d0b20c9eaecbe53b300b094cc564caff68795af46ed17815a5887af93de"
            ],
            "version": "==1.36.1"
        },
        "aws-cdk.aws-elasticloadbalancing": {
            "hashes": [
                "sha256:47dc3aec5d90180c00aa0dcf454faf65faf526b65dc969443d6130700925ad6a",
                "sha256:f9d376a19a0f24e5b35bcb944cdbe8f99fc923fa8286eea03fecc34d28a91f0b"
            ],
            "version": "==1.36.1"
        },
        "aws-cdk.aws-elasticloadbalancingv2": {
            "hashes": [
                "sha256:22e2f60d6ca39cc0f3089ef5c33f56030fd5402b5df94194d10cf145f930bb8a",
                "sha256:a23d07b7f3cb952d697b83da725395168cdb08f7521007a062001f42a47b090f"
            ],
            "version": "==1.36.1"
        },
        "aws-cdk.aws-events": {
            "hashes": [
                "sha256:721fdff6f8903c583318c342cdc12cb1550e7c9d49baebb2e2db98847c8ab03b",
                "sha256:fc1483345c6e5bb6b644e753b7fa3a2db5edd9a230c9194b3f7ee915eb5b50e9"
            ],
            "version": "==1.36.1"
        },
        "aws-cdk.aws-events-targets": {
            "hashes": [
                "sha256:b0fee5dacbbdd0c93bac6656f5bf1f4008d70e4d338d8b370a70bd5fabb1b7d8",
                "sha256:fdb1be02eea3ed837c672e12e00b405aedf1bf53685513752942a3719cbb9a19"
            ],
            "version": "==1.36.1"
        },
        "aws-cdk.aws-iam": {
            "hashes": [
                "sha256:6751ec129d7e942f7057f0b69e6632eef4a05b89a00d9aef4a8fca0d01779e91",
                "sha256:c7dafdf208060749dd85ae3d8510c34676de825959eb89319473e1631a765ce3"
            ],
            "version": "==1.36.1"
        },
        "aws-cdk.aws-kms": {
            "hashes": [
                "sha256:8661b00da07e11f095a9082ff81f8a987d570a968d42040c886bdc13caa3e99c",
                "sha256:8c36e42fa8bac163c08033ba2d892b22bb5718a8f31f1f747d3114b8120be213"
            ],
            "version": "==1.36.1"
        },
        "aws-cdk.aws-lambda": {
            "hashes": [
                "sha256:4a38fd68eb45af45bc2871106ffe1bd15e4ae28ed9f648a3bf4096283fcd7d2a",
                "sha256:fcd765c53e07851941953ea368bbf7dc6e9b67bb37e4113b8c4eb1371f81b730"
            ],
            "version": "==1.36.1"
        },
        "aws-cdk.aws-logs": {
            "hashes": [
                "sha256:5858d91536dba584d1b58471606e78f750326759dfd478856ee03b4978226762",
                "sha256:e624a8888908a6b4a175517321ba97cf72185aa3511720f7f188a798dc1c437f"
            ],
            "version": "==1.36.1"
        },
        "aws-cdk.aws-route53": {
            "hashes": [
                "sha256:ba9905c6937bc7cdb9d0c7b18e0ba82a52c75a6a87ef5de5ad5c283845660b63",
                "sha256:beec1c84300d4c3d172f0d8b97a6975bd172a622beb1a0eb66db7f972e47b795"
            ],
            "version": "==1.36.1"
        },
        "aws-cdk.aws-route53-targets": {
            "hashes": [
                "sha256:168edfe7d97e3b2dcf4c9ab1be103a76e917f58f03c13499d03b9791612657fe",
                "sha256:dea7175f5d89f062101ca4b30ff89a6f1e3ca5777cf394c5d2af7a976f6759cc"
            ],
            "version": "==1.36.1"
        },
        "aws-cdk.aws-s3": {
            "hashes": [
                "sha256:44d2fd825580102d5d7ce3099994895e758d21dc253fb4ed991b4e47059f9a16",
                "sha256:eeb2d632cf81bc6fc7a88270d5886bba1fb9406746b171b9002a8b2f88dc0041"
            ],
            "version": "==1.36.1"
        },
        "aws-cdk.aws-s3-assets": {
            "hashes": [
                "sha256:57711eb57c00d87ee30613c5c467730715df0f309e45adc43105d84ca5e28f64",
                "sha256:724528ab116b303a34c9ba6a053f52543320d657cbfde684435420ffaebcb074"
            ],
            "version": "==1.36.1"
        },
        "aws-cdk.aws-sam": {
            "hashes": [
                "sha256:3bb400fe1fd0dc3cccfc5596cf5c5562b04c2fae863d03ab16381ec973af30a1",
                "sha256:775bdfe026561ad5fd27c7cd98b2dd6e284b85403423f03c353645a5b0d23441"
            ],
            "version": "==1.36.1"
        },
        "aws-cdk.aws-secretsmanager": {
            "hashes": [
                "sha256:0d84d9cfa3383a7bfcdaff52348f495f3a9ab89fb91bde2ebef26118534f2601",
                "sha256:520743cdca0f2a59b9e4a49b0c16c7ce3f84e14023c2273b66166bac38195b68"
            ],
            "version": "==1.36.1"
        },
        "aws-cdk.aws-servicediscovery": {
            "hashes": [
                "sha256:25ddfc5c837e276b2b6ee0f72fb28271ab6daa1315dcb738345c594c74cd2e0e",
                "sha256:62406325c974a1b001ea008689fb56c348293b25b7aac5d73913783aea4cc0d4"
            ],
            "version": "==1.36.1"
        },
        "aws-cdk.aws-sns": {
            "hashes": [
                "sha256:60fbc305e3deb0fdd7ad15e253c0c1762650fe3b28f735ea4e386cae2fc19cb1",
                "sha256:b0b41738b8248ea6dbfae1bbc42b2ea267325f8f5eec59d40a1bab32521834df"
            ],
            "version": "==1.36.1"
        },
        "aws-cdk.aws-sns-subscriptions": {
            "hashes": [
                "sha256:40ba9b29ccdaf2251d41546cfbaf2fe63707b6a9d715a2dad3998b919962fa3b",
                "sha256:b86ccf3bcfb5412bc658e864e68dc62acbe8afdb58ff49716812793bb36cdd6a"
            ],
            "version": "==1.36.1"
        },
        "aws-cdk.aws-sqs": {
            "hashes": [
                "sha256:01c3e7bb20d2d8c6d49073d645d2f0a93ad4c809b97ccb52983fb3deb74132dc",
                "sha256:f1432497cd6555ee2fadcaf03e78dfc64ad400066a231d0dd6a934d347f1ccfa"
            ],
            "version": "==1.36.1"
        },
        "aws-cdk.aws-ssm": {
            "hashes": [
                "sha256:63ab919eeeaae471eb2ee451fb73ab47ee7e258fcf0f466de656e46987724087",
                "sha256:e6cb44cac94b184b367d08828a4098c3462668e0a03b66fef9d8a93a9d33194f"
            ],
            "version": "==1.36.1"
        },
        "aws-cdk.aws-stepfunctions": {
            "hashes": [
                "sha256:96b2ddf3a622d6827752e7fdd8da49cb1e629e0b5c211a2118948b74cff6dfc5",
                "sha256:e0c932192c609996e0b4c8ef88104bf169679572ec01654a42f925243cc9f5a6"
            ],
            "version": "==1.36.1"
        },
        "aws-cdk.cloud-assembly-schema": {
            "hashes": [
                "sha256:441c3b01bcfd69742663f094e3ba8fbd8ba911593bbe701193a151a24c8c0f3b",
                "sha256:51d8bc2338a66361428bf9de4874225f4245ab94070b3638604b36a07a8cd305"
            ],
            "version": "==1.36.1"
        },
        "aws-cdk.core": {
            "hashes": [
                "sha256:3d8510bec9151b41834808f17532e08aa448bf88611ae8920a1d1d1f4e2bd875",
                "sha256:e698325df97e805a59243c1ae6276aee43ba0b23f8827394507bd4c86df32ece"
            ],
            "version": "==1.36.1"
        },
        "aws-cdk.custom-resources": {
            "hashes": [
                "sha256:39b7964bcedb38f7dffe3177909818400f9306e369d9d82ae970dea872c90ba6",
                "sha256:3cedf839873766003e0da0e41664b23198e43ab2357a96113e0cc594bb7a3fad"
            ],
            "version": "==1.36.1"
        },
        "aws-cdk.cx-api": {
            "hashes": [
                "sha256:846ef001db1716a940440a10aa47d2b5f74a4ae183b8de60f3d43eb4aa9756dd",
                "sha256:89bc03abe63d5c7343cb8760b18f372ab8129e8762decd8ecd4749aff60b3652"
            ],
            "version": "==1.36.1"
        },
        "aws-cdk.region-info": {
            "hashes": [
                "sha256:24b54cffe4b40ea9504753c1e36e8a1ab80da9f27fc0bdac8583b824839e0035",
                "sha256:a9cae4df850a6c96f6c8f81605b0991a3f0970a27fb68fc993227a787257ae08"
            ],
            "version": "==1.36.1"
        },
        "cattrs": {
            "hashes": [
                "sha256:616972ae3dfa6e623a40ad3cb845420e64942989152774ab055e5c2b2f89f997",
                "sha256:b7ab5cf8ad127c42eefd01410c1c6e28569a45a255ea80ed968511873c433c7a"
            ],
            "version": "==1.0.0"
        },
        "constructs": {
            "hashes": [
                "sha256:9740f25c67d19f3c710c85f298ebfd1d109f9fd54d0ec0b869a87b4c1554da3e",
                "sha256:edb1a78e8780f24046f8945a6f0101406f5b2106f9d93d833e61ca34dc8b980d"
            ],
            "version": "==3.0.4"
        },
        "jsii": {
            "hashes": [
                "sha256:181ada3cecbdb008592c5615ea6fc1be17694a924c14a3500c0858f5ad6c7b90",
                "sha256:1d34289665fc3222dcda2b1bfe2a81a5c976be6fd0ff3e2f8c1b43291dbff62d"
            ],
            "version": "==1.9.0"
        },
        "publication": {
            "hashes": [
                "sha256:0248885351febc11d8a1098d5c8e3ab2dabcf3e8c0c96db1e17ecd12b53afbe6",
                "sha256:68416a0de76dddcdd2930d1c8ef853a743cc96c82416c4e4d3b5d901c6276dc4"
            ],
            "version": "==0.0.3"
        },
        "python-dateutil": {
            "hashes": [
                "sha256:73ebfe9dbf22e832286dafa60473e4cd239f8592f699aa5adaf10050e6e1823c",
                "sha256:75bb3f31ea686f1197762692a9ee6a7550b59fc6ca3a1f4b5d7e32fb98e2da2a"
            ],
            "version": "==2.8.1"
        },
        "python-dotenv": {
            "hashes": [
                "sha256:25c0ff1a3e12f4bde8d592cc254ab075cfe734fc5dd989036716fd17ee7e5ec7",
                "sha256:3b9909bc96b0edc6b01586e1eed05e71174ef4e04c71da5786370cebea53ad74"
            ],
            "index": "pypi",
            "version": "==0.13.0"
        },
        "six": {
            "hashes": [
                "sha256:30639c035cdb23534cd4aa2dd52c3bf48f06e5f4a941509c8bafd8ce11080259",
                "sha256:8b74bedcbbbaca38ff6d7491d76f2b06b3592611af620f8426e82dddb04a5ced"
            ],
            "version": "==1.15.0"
        },
        "typing-extensions": {
            "hashes": [
                "sha256:6e95524d8a547a91e08f404ae485bbb71962de46967e1b71a0cb89af24e761c5",
                "sha256:79ee589a3caca649a9bfd2a8de4709837400dfa00b6cc81962a1e6a1815969ae",
                "sha256:f8d2bd89d25bc39dabe7d23df520442fa1d8969b82544370e03d88b5a591c392"
            ],
            "version": "==3.7.4.2"
        }
    }
}
